// !$*UTF8*$!
{
	archiveVersion = 1;
	classes = {
	};
	objectVersion = 46;
	objects = {

/* Begin PBXBuildFile section */
		8610A5BD1B13695B001B8BDE /* AppDelegate.swift in Sources */ = {isa = PBXBuildFile; fileRef = 8610A5BC1B13695B001B8BDE /* AppDelegate.swift */; };
		8610A5BF1B13695B001B8BDE /* ViewController.swift in Sources */ = {isa = PBXBuildFile; fileRef = 8610A5BE1B13695B001B8BDE /* ViewController.swift */; };
		8610A5C21B13695B001B8BDE /* Main.storyboard in Resources */ = {isa = PBXBuildFile; fileRef = 8610A5C01B13695B001B8BDE /* Main.storyboard */; };
		8610A5C41B13695B001B8BDE /* Images.xcassets in Resources */ = {isa = PBXBuildFile; fileRef = 8610A5C31B13695B001B8BDE /* Images.xcassets */; };
		8610A5C71B13695B001B8BDE /* LaunchScreen.xib in Resources */ = {isa = PBXBuildFile; fileRef = 8610A5C51B13695B001B8BDE /* LaunchScreen.xib */; };
		8610A5D31B13695B001B8BDE /* UTDemoTests.swift in Sources */ = {isa = PBXBuildFile; fileRef = 8610A5D21B13695B001B8BDE /* UTDemoTests.swift */; };
		86AC68EA1B139576000EEBB6 /* viewControllerTests.swift in Sources */ = {isa = PBXBuildFile; fileRef = 86AC68E91B139576000EEBB6 /* viewControllerTests.swift */; };
/* End PBXBuildFile section */

/* Begin PBXContainerItemProxy section */
		8610A5CD1B13695B001B8BDE /* PBXContainerItemProxy */ = {
			isa = PBXContainerItemProxy;
			containerPortal = 8610A5AF1B13695B001B8BDE /* Project object */;
			proxyType = 1;
			remoteGlobalIDString = 8610A5B61B13695B001B8BDE;
			remoteInfo = UTDemo;
		};
/* End PBXContainerItemProxy section */

/* Begin PBXFileReference section */
		8610A5B71B13695B001B8BDE /* UTDemo.app */ = {isa = PBXFileReference; explicitFileType = wrapper.application; includeInIndex = 0; path = UTDemo.app; sourceTree = BUILT_PRODUCTS_DIR; };
		8610A5BB1B13695B001B8BDE /* Info.plist */ = {isa = PBXFileReference; lastKnownFileType = text.plist.xml; path = Info.plist; sourceTree = "<group>"; };
		8610A5BC1B13695B001B8BDE /* AppDelegate.swift */ = {isa = PBXFileReference; lastKnownFileType = sourcecode.swift; path = AppDelegate.swift; sourceTree = "<group>"; };
		8610A5BE1B13695B001B8BDE /* ViewController.swift */ = {isa = PBXFileReference; lastKnownFileType = sourcecode.swift; path = ViewController.swift; sourceTree = "<group>"; };
		8610A5C11B13695B001B8BDE /* Base */ = {isa = PBXFileReference; lastKnownFileType = file.storyboard; name = Base; path = Base.lproj/Main.storyboard; sourceTree = "<group>"; };
		8610A5C31B13695B001B8BDE /* Images.xcassets */ = {isa = PBXFileReference; lastKnownFileType = folder.assetcatalog; path = Images.xcassets; sourceTree = "<group>"; };
		8610A5C61B13695B001B8BDE /* Base */ = {isa = PBXFileReference; lastKnownFileType = file.xib; name = Base; path = Base.lproj/LaunchScreen.xib; sourceTree = "<group>"; };
		8610A5CC1B13695B001B8BDE /* UTDemoTests.xctest */ = {isa = PBXFileReference; explicitFileType = wrapper.cfbundle; includeInIndex = 0; path = UTDemoTests.xctest; sourceTree = BUILT_PRODUCTS_DIR; };
		8610A5D11B13695B001B8BDE /* Info.plist */ = {isa = PBXFileReference; lastKnownFileType = text.plist.xml; path = Info.plist; sourceTree = "<group>"; };
		8610A5D21B13695B001B8BDE /* UTDemoTests.swift */ = {isa = PBXFileReference; lastKnownFileType = sourcecode.swift; path = UTDemoTests.swift; sourceTree = "<group>"; };
		86AC68E91B139576000EEBB6 /* viewControllerTests.swift */ = {isa = PBXFileReference; fileEncoding = 4; lastKnownFileType = sourcecode.swift; path = viewControllerTests.swift; sourceTree = "<group>"; };
/* End PBXFileReference section */

/* Begin PBXFrameworksBuildPhase section */
		8610A5B41B13695B001B8BDE /* Frameworks */ = {
			isa = PBXFrameworksBuildPhase;
			buildActionMask = 2147483647;
			files = (
			);
			runOnlyForDeploymentPostprocessing = 0;
		};
		8610A5C91B13695B001B8BDE /* Frameworks */ = {
			isa = PBXFrameworksBuildPhase;
			buildActionMask = 2147483647;
			files = (
			);
			runOnlyForDeploymentPostprocessing = 0;
		};
/* End PBXFrameworksBuildPhase section */

/* Begin PBXGroup section */
		8610A5AE1B13695B001B8BDE = {
			isa = PBXGroup;
			children = (
				8610A5B91B13695B001B8BDE /* UTDemo */,
				8610A5CF1B13695B001B8BDE /* UTDemoTests */,
				8610A5B81B13695B001B8BDE /* Products */,
			);
			sourceTree = "<group>";
		};
		8610A5B81B13695B001B8BDE /* Products */ = {
			isa = PBXGroup;
			children = (
				8610A5B71B13695B001B8BDE /* UTDemo.app */,
				8610A5CC1B13695B001B8BDE /* UTDemoTests.xctest */,
			);
			name = Products;
			sourceTree = "<group>";
		};
		8610A5B91B13695B001B8BDE /* UTDemo */ = {
			isa = PBXGroup;
			children = (
				8610A5BC1B13695B001B8BDE /* AppDelegate.swift */,
				8610A5BE1B13695B001B8BDE /* ViewController.swift */,
				8610A5C01B13695B001B8BDE /* Main.storyboard */,
				8610A5C31B13695B001B8BDE /* Images.xcassets */,
				8610A5C51B13695B001B8BDE /* LaunchScreen.xib */,
				8610A5BA1B13695B001B8BDE /* Supporting Files */,
			);
			path = UTDemo;
			sourceTree = "<group>";
		};
		8610A5BA1B13695B001B8BDE /* Supporting Files */ = {
			isa = PBXGroup;
			children = (
				8610A5BB1B13695B001B8BDE /* Info.plist */,
			);
			name = "Supporting Files";
			sourceTree = "<group>";
		};
		8610A5CF1B13695B001B8BDE /* UTDemoTests */ = {
			isa = PBXGroup;
			children = (
				8610A5D21B13695B001B8BDE /* UTDemoTests.swift */,
				86AC68E91B139576000EEBB6 /* viewControllerTests.swift */,
				8610A5D01B13695B001B8BDE /* Supporting Files */,
			);
			path = UTDemoTests;
			sourceTree = "<group>";
		};
		8610A5D01B13695B001B8BDE /* Supporting Files */ = {
			isa = PBXGroup;
			children = (
				8610A5D11B13695B001B8BDE /* Info.plist */,
			);
			name = "Supporting Files";
			sourceTree = "<group>";
		};
/* End PBXGroup section */

/* Begin PBXNativeTarget section */
		8610A5B61B13695B001B8BDE /* UTDemo */ = {
			isa = PBXNativeTarget;
			buildConfigurationList = 8610A5D61B13695B001B8BDE /* Build configuration list for PBXNativeTarget "UTDemo" */;
			buildPhases = (
				8610A5B31B13695B001B8BDE /* Sources */,
				8610A5B41B13695B001B8BDE /* Frameworks */,
				8610A5B51B13695B001B8BDE /* Resources */,
			);
			buildRules = (
			);
			dependencies = (
			);
			name = UTDemo;
			productName = UTDemo;
			productReference = 8610A5B71B13695B001B8BDE /* UTDemo.app */;
			productType = "com.apple.product-type.application";
		};
		8610A5CB1B13695B001B8BDE /* UTDemoTests */ = {
			isa = PBXNativeTarget;
			buildConfigurationList = 8610A5D91B13695B001B8BDE /* Build configuration list for PBXNativeTarget "UTDemoTests" */;
			buildPhases = (
				8610A5C81B13695B001B8BDE /* Sources */,
				8610A5C91B13695B001B8BDE /* Frameworks */,
				8610A5CA1B13695B001B8BDE /* Resources */,
			);
			buildRules = (
			);
			dependencies = (
				8610A5CE1B13695B001B8BDE /* PBXTargetDependency */,
			);
			name = UTDemoTests;
			productName = UTDemoTests;
			productReference = 8610A5CC1B13695B001B8BDE /* UTDemoTests.xctest */;
			productType = "com.apple.product-type.bundle.unit-test";
		};
/* End PBXNativeTarget section */

/* Begin PBXProject section */
		8610A5AF1B13695B001B8BDE /* Project object */ = {
			isa = PBXProject;
			attributes = {
				LastUpgradeCheck = 0630;
				ORGANIZATIONNAME = "Vijay Subrahmanian";
				TargetAttributes = {
					8610A5B61B13695B001B8BDE = {
						CreatedOnToolsVersion = 6.3.2;
					};
					8610A5CB1B13695B001B8BDE = {
						CreatedOnToolsVersion = 6.3.2;
						TestTargetID = 8610A5B61B13695B001B8BDE;
					};
				};
			};
			buildConfigurationList = 8610A5B21B13695B001B8BDE /* Build configuration list for PBXProject "UTDemo" */;
			compatibilityVersion = "Xcode 3.2";
			developmentRegion = English;
			hasScannedForEncodings = 0;
			knownRegions = (
				en,
				Base,
			);
			mainGroup = 8610A5AE1B13695B001B8BDE;
			productRefGroup = 8610A5B81B13695B001B8BDE /* Products */;
			projectDirPath = "";
			projectRoot = "";
			targets = (
				8610A5B61B13695B001B8BDE /* UTDemo */,
				8610A5CB1B13695B001B8BDE /* UTDemoTests */,
			);
		};
/* End PBXProject section */

/* Begin PBXResourcesBuildPhase section */
		8610A5B51B13695B001B8BDE /* Resources */ = {
			isa = PBXResourcesBuildPhase;
			buildActionMask = 2147483647;
			files = (
				8610A5C21B13695B001B8BDE /* Main.storyboard in Resources */,
				8610A5C71B13695B001B8BDE /* LaunchScreen.xib in Resources */,
				8610A5C41B13695B001B8BDE /* Images.xcassets in Resources */,
			);
			runOnlyForDeploymentPostprocessing = 0;
		};
		8610A5CA1B13695B001B8BDE /* Resources */ = {
			isa = PBXResourcesBuildPhase;
			buildActionMask = 2147483647;
			files = (
			);
			runOnlyForDeploymentPostprocessing = 0;
		};
/* End PBXResourcesBuildPhase section */

/* Begin PBXSourcesBuildPhase section */
		8610A5B31B13695B001B8BDE /* Sources */ = {
			isa = PBXSourcesBuildPhase;
			buildActionMask = 2147483647;
			files = (
				8610A5BF1B13695B001B8BDE /* ViewController.swift in Sources */,
				8610A5BD1B13695B001B8BDE /* AppDelegate.swift in Sources */,
			);
			runOnlyForDeploymentPostprocessing = 0;
		};
		8610A5C81B13695B001B8BDE /* Sources */ = {
			isa = PBXSourcesBuildPhase;
			buildActionMask = 2147483647;
			files = (
				86AC68EA1B139576000EEBB6 /* viewControllerTests.swift in Sources */,
				8610A5D31B13695B001B8BDE /* UTDemoTests.swift in Sources */,
			);
			runOnlyForDeploymentPostprocessing = 0;
		};
/* End PBXSourcesBuildPhase section */

/* Begin PBXTargetDependency section */
		8610A5CE1B13695B001B8BDE /* PBXTargetDependency */ = {
			isa = PBXTargetDependency;
			target = 8610A5B61B13695B001B8BDE /* UTDemo */;
			targetProxy = 8610A5CD1B13695B001B8BDE /* PBXContainerItemProxy */;
		};
/* End PBXTargetDependency section */

/* Begin PBXVariantGroup section */
		8610A5C01B13695B001B8BDE /* Main.storyboard */ = {
			isa = PBXVariantGroup;
			children = (
				8610A5C11B13695B001B8BDE /* Base */,
			);
			name = Main.storyboard;
			sourceTree = "<group>";
		};
		8610A5C51B13695B001B8BDE /* LaunchScreen.xib */ = {
			isa = PBXVariantGroup;
			children = (
				8610A5C61B13695B001B8BDE /* Base */,
			);
			name = LaunchScreen.xib;
			sourceTree = "<group>";
		};
/* End PBXVariantGroup section */

/* Begin XCBuildConfiguration section */
		8610A5D41B13695B001B8BDE /* Debug */ = {
			isa = XCBuildConfiguration;
			buildSettings = {
				ALWAYS_SEARCH_USER_PATHS = NO;
				CLANG_CXX_LANGUAGE_STANDARD = "gnu++0x";
				CLANG_CXX_LIBRARY = "libc++";
				CLANG_ENABLE_MODULES = YES;
				CLANG_ENABLE_OBJC_ARC = YES;
				CLANG_WARN_BOOL_CONVERSION = YES;
				CLANG_WARN_CONSTANT_CONVERSION = YES;
				CLANG_WARN_DIRECT_OBJC_ISA_USAGE = YES_ERROR;
				CLANG_WARN_EMPTY_BODY = YES;
				CLANG_WARN_ENUM_CONVERSION = YES;
				CLANG_WARN_INT_CONVERSION = YES;
				CLANG_WARN_OBJC_ROOT_CLASS = YES_ERROR;
				CLANG_WARN_UNREACHABLE_CODE = YES;
				CLANG_WARN__DUPLICATE_METHOD_MATCH = YES;
				"CODE_SIGN_IDENTITY[sdk=iphoneos*]" = "iPhone Developer";
				COPY_PHASE_STRIP = NO;
				DEBUG_INFORMATION_FORMAT = "dwarf-with-dsym";
				ENABLE_STRICT_OBJC_MSGSEND = YES;
				GCC_C_LANGUAGE_STANDARD = gnu99;
				GCC_DYNAMIC_NO_PIC = NO;
				GCC_NO_COMMON_BLOCKS = YES;
				GCC_OPTIMIZATION_LEVEL = 0;
				GCC_PREPROCESSOR_DEFINITIONS = (
					"DEBUG=1",
					"$(inherited)",
				);
				GCC_SYMBOLS_PRIVATE_EXTERN = NO;
				GCC_WARN_64_TO_32_BIT_CONVERSION = YES;
				GCC_WARN_ABOUT_RETURN_TYPE = YES_ERROR;
				GCC_WARN_UNDECLARED_SELECTOR = YES;
				GCC_WARN_UNINITIALIZED_AUTOS = YES_AGGRESSIVE;
				GCC_WARN_UNUSED_FUNCTION = YES;
				GCC_WARN_UNUSED_VARIABLE = YES;
				IPHONEOS_DEPLOYMENT_TARGET = 8.3;
				MTL_ENABLE_DEBUG_INFO = YES;
				ONLY_ACTIVE_ARCH = YES;
				SDKROOT = iphoneos;
				SWIFT_OPTIMIZATION_LEVEL = "-Onone";
				TARGETED_DEVICE_FAMILY = "1,2";
			};
			name = Debug;
		};
		8610A5D51B13695B001B8BDE /* Release */ = {
			isa = XCBuildConfiguration;
			buildSettings = {
				ALWAYS_SEARCH_USER_PATHS = NO;
				CLANG_CXX_LANGUAGE_STANDARD = "gnu++0x";
				CLANG_CXX_LIBRARY = "libc++";
				CLANG_ENABLE_MODULES = YES;
				CLANG_ENABLE_OBJC_ARC = YES;
				CLANG_WARN_BOOL_CONVERSION = YES;
				CLANG_WARN_CONSTANT_CONVERSION = YES;
				CLANG_WARN_DIRECT_OBJC_ISA_USAGE = YES_ERROR;
				CLANG_WARN_EMPTY_BODY = YES;
				CLANG_WARN_ENUM_CONVERSION = YES;
				CLANG_WARN_INT_CONVERSION = YES;
				CLANG_WARN_OBJC_ROOT_CLASS = YES_ERROR;
				CLANG_WARN_UNREACHABLE_CODE = YES;
				CLANG_WARN__DUPLICATE_METHOD_MATCH = YES;
				"CODE_SIGN_IDENTITY[sdk=iphoneos*]" = "iPhone Developer";
				COPY_PHASE_STRIP = NO;
				DEBUG_INFORMATION_FORMAT = "dwarf-with-dsym";
				ENABLE_NS_ASSERTIONS = NO;
				ENABLE_STRICT_OBJC_MSGSEND = YES;
				GCC_C_LANGUAGE_STANDARD = gnu99;
				GCC_NO_COMMON_BLOCKS = YES;
				GCC_WARN_64_TO_32_BIT_CONVERSION = YES;
				GCC_WARN_ABOUT_RETURN_TYPE = YES_ERROR;
				GCC_WARN_UNDECLARED_SELECTOR = YES;
				GCC_WARN_UNINITIALIZED_AUTOS = YES_AGGRESSIVE;
				GCC_WARN_UNUSED_FUNCTION = YES;
				GCC_WARN_UNUSED_VARIABLE = YES;
				IPHONEOS_DEPLOYMENT_TARGET = 8.3;
				MTL_ENABLE_DEBUG_INFO = NO;
				SDKROOT = iphoneos;
				TARGETED_DEVICE_FAMILY = "1,2";
				VALIDATE_PRODUCT = YES;
			};
			name = Release;
		};
		8610A5D71B13695B001B8BDE /* Debug */ = {
			isa = XCBuildConfiguration;
			buildSettings = {
				ASSETCATALOG_COMPILER_APPICON_NAME = AppIcon;
				INFOPLIST_FILE = UTDemo/Info.plist;
				LD_RUNPATH_SEARCH_PATHS = "$(inherited) @executable_path/Frameworks";
				PRODUCT_NAME = "$(TARGET_NAME)";
			};
			name = Debug;
		};
		8610A5D81B13695B001B8BDE /* Release */ = {
			isa = XCBuildConfiguration;
			buildSettings = {
				ASSETCATALOG_COMPILER_APPICON_NAME = AppIcon;
				INFOPLIST_FILE = UTDemo/Info.plist;
				LD_RUNPATH_SEARCH_PATHS = "$(inherited) @executable_path/Frameworks";
				PRODUCT_NAME = "$(TARGET_NAME)";
			};
			name = Release;
		};
		8610A5DA1B13695B001B8BDE /* Debug */ = {
			isa = XCBuildConfiguration;
			buildSettings = {
				BUNDLE_LOADER = "$(TEST_HOST)";
				FRAMEWORK_SEARCH_PATHS = (
					"$(SDKROOT)/Developer/Library/Frameworks",
					"$(inherited)",
				);
				GCC_PREPROCESSOR_DEFINITIONS = (
					"DEBUG=1",
					"$(inherited)",
				);
				INFOPLIST_FILE = UTDemoTests/Info.plist;
				LD_RUNPATH_SEARCH_PATHS = "$(inherited) @executable_path/Frameworks @loader_path/Frameworks";
				PRODUCT_NAME = "$(TARGET_NAME)";
				TEST_HOST = "$(BUILT_PRODUCTS_DIR)/UTDemo.app/UTDemo";
			};
			name = Debug;
		};
		8610A5DB1B13695B001B8BDE /* Release */ = {
			isa = XCBuildConfiguration;
			buildSettings = {
				BUNDLE_LOADER = "$(TEST_HOST)";
				FRAMEWORK_SEARCH_PATHS = (
					"$(SDKROOT)/Developer/Library/Frameworks",
					"$(inherited)",
				);
				INFOPLIST_FILE = UTDemoTests/Info.plist;
				LD_RUNPATH_SEARCH_PATHS = "$(inherited) @executable_path/Frameworks @loader_path/Frameworks";
				PRODUCT_NAME = "$(TARGET_NAME)";
				TEST_HOST = "$(BUILT_PRODUCTS_DIR)/UTDemo.app/UTDemo";
			};
			name = Release;
		};
/* End XCBuildConfiguration section */

/* Begin XCConfigurationList section */
		8610A5B21B13695B001B8BDE /* Build configuration list for PBXProject "UTDemo" */ = {
			isa = XCConfigurationList;
			buildConfigurations = (
				8610A5D41B13695B001B8BDE /* Debug */,
				8610A5D51B13695B001B8BDE /* Release */,
			);
			defaultConfigurationIsVisible = 0;
			defaultConfigurationName = Release;
		};
		8610A5D61B13695B001B8BDE /* Build configuration list for PBXNativeTarget "UTDemo" */ = {
			isa = XCConfigurationList;
			buildConfigurations = (
				8610A5D71B13695B001B8BDE /* Debug */,
				8610A5D81B13695B001B8BDE /* Release */,
			);
			defaultConfigurationIsVisible = 0;
			defaultConfigurationName = Release;
		};
		8610A5D91B13695B001B8BDE /* Build configuration list for PBXNativeTarget "UTDemoTests" */ = {
			isa = XCConfigurationList;
			buildConfigurations = (
				8610A5DA1B13695B001B8BDE /* Debug */,
				8610A5DB1B13695B001B8BDE /* Release */,
			);
			defaultConfigurationIsVisible = 0;
			defaultConfigurationName = Release;
		};
/* End XCConfigurationList section */
	};
	rootObject = 8610A5AF1B13695B001B8BDE /* Project object */;
}
